
Microsoft Visual Studio Solution File, Format Version 12.00
# Visual Studio Version 16
VisualStudioVersion = 16.0.30907.101
MinimumVisualStudioVersion = 10.0.40219.1
Project("{FAE04EC0-301F-11D3-BF4B-00C04F79EFBC}") = "SocialMediaApp.DomainLayer", "SocialMediaApp.DomainLayer\SocialMediaApp.DomainLayer.csproj", "{0FE1CD99-72EA-4ED6-8D25-C35B63236235}"
EndProject
Project("{FAE04EC0-301F-11D3-BF4B-00C04F79EFBC}") = "SocialMediaApp.Infrastructure", "SocialMediaApp.Infrastructure\SocialMediaApp.Infrastructure.csproj", "{0F49231B-82B6-40F0-BC87-A8C581D637B1}"
EndProject
Global
	GlobalSection(SolutionConfigurationPlatforms) = preSolution
		Debug|Any CPU = Debug|Any CPU
		Release|Any CPU = Release|Any CPU
	EndGlobalSection
	GlobalSection(ProjectConfigurationPlatforms) = postSolution
		{0FE1CD99-72EA-4ED6-8D25-C35B63236235}.Debug|Any CPU.ActiveCfg = Debug|Any CPU
		{0FE1CD99-72EA-4ED6-8D25-C35B63236235}.Debug|Any CPU.Build.0 = Debug|Any CPU
		{0FE1CD99-72EA-4ED6-8D25-C35B63236235}.Release|Any CPU.ActiveCfg = Release|Any CPU
		{0FE1CD99-72EA-4ED6-8D25-C35B63236235}.Release|Any CPU.Build.0 = Release|Any CPU
		{0F49231B-82B6-40F0-BC87-A8C581D637B1}.Debug|Any CPU.ActiveCfg = Debug|Any CPU
		{0F49231B-82B6-40F0-BC87-A8C581D637B1}.Debug|Any CPU.Build.0 = Debug|Any CPU
		{0F49231B-82B6-40F0-BC87-A8C581D637B1}.Release|Any CPU.ActiveCfg = Release|Any CPU
		{0F49231B-82B6-40F0-BC87-A8C581D637B1}.Release|Any CPU.Build.0 = Release|Any CPU
	EndGlobalSection
	GlobalSection(SolutionProperties) = preSolution
		HideSolutionNode = FALSE
	EndGlobalSection
	GlobalSection(ExtensibilityGlobals) = postSolution
		SolutionGuid = {FE23FD73-1779-47D9-92BF-C6A684C58708}
	EndGlobalSection
EndGlobal
